// !$*UTF8*$!
{
	archiveVersion = 1;
	classes = {
	};
	objectVersion = 50;
	objects = {

/* Begin PBXBuildFile section */
		48A573162694E99900E15898 /* AppDelegate.m in Sources */ = {isa = PBXBuildFile; fileRef = 48A573152694E99900E15898 /* AppDelegate.m */; };
		48A573192694E99900E15898 /* SceneDelegate.m in Sources */ = {isa = PBXBuildFile; fileRef = 48A573182694E99900E15898 /* SceneDelegate.m */; };
		48A5731C2694E99900E15898 /* ViewController.m in Sources */ = {isa = PBXBuildFile; fileRef = 48A5731B2694E99900E15898 /* ViewController.m */; };
		48A5731F2694E99900E15898 /* Main.storyboard in Resources */ = {isa = PBXBuildFile; fileRef = 48A5731D2694E99900E15898 /* Main.storyboard */; };
		48A573212694E99900E15898 /* Assets.xcassets in Resources */ = {isa = PBXBuildFile; fileRef = 48A573202694E99900E15898 /* Assets.xcassets */; };
		48A573242694E99900E15898 /* LaunchScreen.storyboard in Resources */ = {isa = PBXBuildFile; fileRef = 48A573222694E99900E15898 /* LaunchScreen.storyboard */; };
		48A573272694E99900E15898 /* main.m in Sources */ = {isa = PBXBuildFile; fileRef = 48A573262694E99900E15898 /* main.m */; };
		48A573312694E99A00E15898 /* InstagramTests.m in Sources */ = {isa = PBXBuildFile; fileRef = 48A573302694E99A00E15898 /* InstagramTests.m */; };
		48A5733C2694E99A00E15898 /* InstagramUITests.m in Sources */ = {isa = PBXBuildFile; fileRef = 48A5733B2694E99A00E15898 /* InstagramUITests.m */; };
/* End PBXBuildFile section */

/* Begin PBXContainerItemProxy section */
		48A5732D2694E99A00E15898 /* PBXContainerItemProxy */ = {
			isa = PBXContainerItemProxy;
			containerPortal = 48A573092694E99800E15898 /* Project object */;
			proxyType = 1;
			remoteGlobalIDString = 48A573102694E99800E15898;
			remoteInfo = Instagram;
		};
		48A573382694E99A00E15898 /* PBXContainerItemProxy */ = {
			isa = PBXContainerItemProxy;
			containerPortal = 48A573092694E99800E15898 /* Project object */;
			proxyType = 1;
			remoteGlobalIDString = 48A573102694E99800E15898;
			remoteInfo = Instagram;
		};
/* End PBXContainerItemProxy section */

/* Begin PBXFileReference section */
		48A573112694E99900E15898 /* Instagram.app */ = {isa = PBXFileReference; explicitFileType = wrapper.application; includeInIndex = 0; path = Instagram.app; sourceTree = BUILT_PRODUCTS_DIR; };
		48A573142694E99900E15898 /* AppDelegate.h */ = {isa = PBXFileReference; lastKnownFileType = sourcecode.c.h; path = AppDelegate.h; sourceTree = "<group>"; };
		48A573152694E99900E15898 /* AppDelegate.m */ = {isa = PBXFileReference; lastKnownFileType = sourcecode.c.objc; path = AppDelegate.m; sourceTree = "<group>"; };
		48A573172694E99900E15898 /* SceneDelegate.h */ = {isa = PBXFileReference; lastKnownFileType = sourcecode.c.h; path = SceneDelegate.h; sourceTree = "<group>"; };
		48A573182694E99900E15898 /* SceneDelegate.m */ = {isa = PBXFileReference; lastKnownFileType = sourcecode.c.objc; path = SceneDelegate.m; sourceTree = "<group>"; };
		48A5731A2694E99900E15898 /* ViewController.h */ = {isa = PBXFileReference; lastKnownFileType = sourcecode.c.h; path = ViewController.h; sourceTree = "<group>"; };
		48A5731B2694E99900E15898 /* ViewController.m */ = {isa = PBXFileReference; lastKnownFileType = sourcecode.c.objc; path = ViewController.m; sourceTree = "<group>"; };
		48A5731E2694E99900E15898 /* Base */ = {isa = PBXFileReference; lastKnownFileType = file.storyboard; name = Base; path = Base.lproj/Main.storyboard; sourceTree = "<group>"; };
		48A573202694E99900E15898 /* Assets.xcassets */ = {isa = PBXFileReference; lastKnownFileType = folder.assetcatalog; path = Assets.xcassets; sourceTree = "<group>"; };
		48A573232694E99900E15898 /* Base */ = {isa = PBXFileReference; lastKnownFileType = file.storyboard; name = Base; path = Base.lproj/LaunchScreen.storyboard; sourceTree = "<group>"; };
		48A573252694E99900E15898 /* Info.plist */ = {isa = PBXFileReference; lastKnownFileType = text.plist.xml; path = Info.plist; sourceTree = "<group>"; };
		48A573262694E99900E15898 /* main.m */ = {isa = PBXFileReference; lastKnownFileType = sourcecode.c.objc; path = main.m; sourceTree = "<group>"; };
		48A5732C2694E99A00E15898 /* InstagramTests.xctest */ = {isa = PBXFileReference; explicitFileType = wrapper.cfbundle; includeInIndex = 0; path = InstagramTests.xctest; sourceTree = BUILT_PRODUCTS_DIR; };
		48A573302694E99A00E15898 /* InstagramTests.m */ = {isa = PBXFileReference; lastKnownFileType = sourcecode.c.objc; path = InstagramTests.m; sourceTree = "<group>"; };
		48A573322694E99A00E15898 /* Info.plist */ = {isa = PBXFileReference; lastKnownFileType = text.plist.xml; path = Info.plist; sourceTree = "<group>"; };
		48A573372694E99A00E15898 /* InstagramUITests.xctest */ = {isa = PBXFileReference; explicitFileType = wrapper.cfbundle; includeInIndex = 0; path = InstagramUITests.xctest; sourceTree = BUILT_PRODUCTS_DIR; };
		48A5733B2694E99A00E15898 /* InstagramUITests.m */ = {isa = PBXFileReference; lastKnownFileType = sourcecode.c.objc; path = InstagramUITests.m; sourceTree = "<group>"; };
		48A5733D2694E99A00E15898 /* Info.plist */ = {isa = PBXFileReference; lastKnownFileType = text.plist.xml; path = Info.plist; sourceTree = "<group>"; };
/* End PBXFileReference section */

/* Begin PBXFrameworksBuildPhase section */
		48A5730E2694E99800E15898 /* Frameworks */ = {
			isa = PBXFrameworksBuildPhase;
			buildActionMask = 2147483647;
			files = (
			);
			runOnlyForDeploymentPostprocessing = 0;
		};
		48A573292694E99A00E15898 /* Frameworks */ = {
			isa = PBXFrameworksBuildPhase;
			buildActionMask = 2147483647;
			files = (
			);
			runOnlyForDeploymentPostprocessing = 0;
		};
		48A573342694E99A00E15898 /* Frameworks */ = {
			isa = PBXFrameworksBuildPhase;
			buildActionMask = 2147483647;
			files = (
			);
			runOnlyForDeploymentPostprocessing = 0;
		};
/* End PBXFrameworksBuildPhase section */

/* Begin PBXGroup section */
		48A573082694E99800E15898 = {
			isa = PBXGroup;
			children = (
				48A573132694E99900E15898 /* Instagram */,
				48A5732F2694E99A00E15898 /* InstagramTests */,
				48A5733A2694E99A00E15898 /* InstagramUITests */,
				48A573122694E99900E15898 /* Products */,
			);
			sourceTree = "<group>";
		};
		48A573122694E99900E15898 /* Products */ = {
			isa = PBXGroup;
			children = (
				48A573112694E99900E15898 /* Instagram.app */,
				48A5732C2694E99A00E15898 /* InstagramTests.xctest */,
				48A573372694E99A00E15898 /* InstagramUITests.xctest */,
			);
			name = Products;
			sourceTree = "<group>";
		};
		48A573132694E99900E15898 /* Instagram */ = {
			isa = PBXGroup;
			children = (
				48A573142694E99900E15898 /* AppDelegate.h */,
				48A573152694E99900E15898 /* AppDelegate.m */,
				48A573172694E99900E15898 /* SceneDelegate.h */,
				48A573182694E99900E15898 /* SceneDelegate.m */,
				48A5731A2694E99900E15898 /* ViewController.h */,
				48A5731B2694E99900E15898 /* ViewController.m */,
				48A5731D2694E99900E15898 /* Main.storyboard */,
				48A573202694E99900E15898 /* Assets.xcassets */,
				48A573222694E99900E15898 /* LaunchScreen.storyboard */,
				48A573252694E99900E15898 /* Info.plist */,
				48A573262694E99900E15898 /* main.m */,
			);
			path = Instagram;
			sourceTree = "<group>";
		};
		48A5732F2694E99A00E15898 /* InstagramTests */ = {
			isa = PBXGroup;
			children = (
				48A573302694E99A00E15898 /* InstagramTests.m */,
				48A573322694E99A00E15898 /* Info.plist */,
			);
			path = InstagramTests;
			sourceTree = "<group>";
		};
		48A5733A2694E99A00E15898 /* InstagramUITests */ = {
			isa = PBXGroup;
			children = (
				48A5733B2694E99A00E15898 /* InstagramUITests.m */,
				48A5733D2694E99A00E15898 /* Info.plist */,
			);
			path = InstagramUITests;
			sourceTree = "<group>";
		};
/* End PBXGroup section */

/* Begin PBXNativeTarget section */
		48A573102694E99800E15898 /* Instagram */ = {
			isa = PBXNativeTarget;
			buildConfigurationList = 48A573402694E99A00E15898 /* Build configuration list for PBXNativeTarget "Instagram" */;
			buildPhases = (
				48A5730D2694E99800E15898 /* Sources */,
				48A5730E2694E99800E15898 /* Frameworks */,
				48A5730F2694E99800E15898 /* Resources */,
			);
			buildRules = (
			);
			dependencies = (
			);
			name = Instagram;
			productName = Instagram;
			productReference = 48A573112694E99900E15898 /* Instagram.app */;
			productType = "com.apple.product-type.application";
		};
		48A5732B2694E99A00E15898 /* InstagramTests */ = {
			isa = PBXNativeTarget;
			buildConfigurationList = 48A573432694E99A00E15898 /* Build configuration list for PBXNativeTarget "InstagramTests" */;
			buildPhases = (
				48A573282694E99A00E15898 /* Sources */,
				48A573292694E99A00E15898 /* Frameworks */,
				48A5732A2694E99A00E15898 /* Resources */,
			);
			buildRules = (
			);
			dependencies = (
				48A5732E2694E99A00E15898 /* PBXTargetDependency */,
			);
			name = InstagramTests;
			productName = InstagramTests;
			productReference = 48A5732C2694E99A00E15898 /* InstagramTests.xctest */;
			productType = "com.apple.product-type.bundle.unit-test";
		};
		48A573362694E99A00E15898 /* InstagramUITests */ = {
			isa = PBXNativeTarget;
			buildConfigurationList = 48A573462694E99A00E15898 /* Build configuration list for PBXNativeTarget "InstagramUITests" */;
			buildPhases = (
				48A573332694E99A00E15898 /* Sources */,
				48A573342694E99A00E15898 /* Frameworks */,
				48A573352694E99A00E15898 /* Resources */,
			);
			buildRules = (
			);
			dependencies = (
				48A573392694E99A00E15898 /* PBXTargetDependency */,
			);
			name = InstagramUITests;
			productName = InstagramUITests;
			productReference = 48A573372694E99A00E15898 /* InstagramUITests.xctest */;
			productType = "com.apple.product-type.bundle.ui-testing";
		};
/* End PBXNativeTarget section */

/* Begin PBXProject section */
		48A573092694E99800E15898 /* Project object */ = {
			isa = PBXProject;
			attributes = {
				LastUpgradeCheck = 1250;
				TargetAttributes = {
					48A573102694E99800E15898 = {
						CreatedOnToolsVersion = 12.5.1;
					};
					48A5732B2694E99A00E15898 = {
						CreatedOnToolsVersion = 12.5.1;
						TestTargetID = 48A573102694E99800E15898;
					};
					48A573362694E99A00E15898 = {
						CreatedOnToolsVersion = 12.5.1;
						TestTargetID = 48A573102694E99800E15898;
					};
				};
			};
			buildConfigurationList = 48A5730C2694E99800E15898 /* Build configuration list for PBXProject "Instagram" */;
			compatibilityVersion = "Xcode 9.3";
			developmentRegion = en;
			hasScannedForEncodings = 0;
			knownRegions = (
				en,
				Base,
			);
			mainGroup = 48A573082694E99800E15898;
			productRefGroup = 48A573122694E99900E15898 /* Products */;
			projectDirPath = "";
			projectRoot = "";
			targets = (
				48A573102694E99800E15898 /* Instagram */,
				48A5732B2694E99A00E15898 /* InstagramTests */,
				48A573362694E99A00E15898 /* InstagramUITests */,
			);
		};
/* End PBXProject section */

/* Begin PBXResourcesBuildPhase section */
		48A5730F2694E99800E15898 /* Resources */ = {
			isa = PBXResourcesBuildPhase;
			buildActionMask = 2147483647;
			files = (
				48A573242694E99900E15898 /* LaunchScreen.storyboard in Resources */,
				48A573212694E99900E15898 /* Assets.xcassets in Resources */,
				48A5731F2694E99900E15898 /* Main.storyboard in Resources */,
			);
			runOnlyForDeploymentPostprocessing = 0;
		};
		48A5732A2694E99A00E15898 /* Resources */ = {
			isa = PBXResourcesBuildPhase;
			buildActionMask = 2147483647;
			files = (
			);
			runOnlyForDeploymentPostprocessing = 0;
		};
		48A573352694E99A00E15898 /* Resources */ = {
			isa = PBXResourcesBuildPhase;
			buildActionMask = 2147483647;
			files = (
			);
			runOnlyForDeploymentPostprocessing = 0;
		};
/* End PBXResourcesBuildPhase section */

/* Begin PBXSourcesBuildPhase section */
		48A5730D2694E99800E15898 /* Sources */ = {
			isa = PBXSourcesBuildPhase;
			buildActionMask = 2147483647;
			files = (
				48A5731C2694E99900E15898 /* ViewController.m in Sources */,
				48A573162694E99900E15898 /* AppDelegate.m in Sources */,
				48A573272694E99900E15898 /* main.m in Sources */,
				48A573192694E99900E15898 /* SceneDelegate.m in Sources */,
			);
			runOnlyForDeploymentPostprocessing = 0;
		};
		48A573282694E99A00E15898 /* Sources */ = {
			isa = PBXSourcesBuildPhase;
			buildActionMask = 2147483647;
			files = (
				48A573312694E99A00E15898 /* InstagramTests.m in Sources */,
			);
			runOnlyForDeploymentPostprocessing = 0;
		};
		48A573332694E99A00E15898 /* Sources */ = {
			isa = PBXSourcesBuildPhase;
			buildActionMask = 2147483647;
			files = (
				48A5733C2694E99A00E15898 /* InstagramUITests.m in Sources */,
			);
			runOnlyForDeploymentPostprocessing = 0;
		};
/* End PBXSourcesBuildPhase section */

/* Begin PBXTargetDependency section */
		48A5732E2694E99A00E15898 /* PBXTargetDependency */ = {
			isa = PBXTargetDependency;
			target = 48A573102694E99800E15898 /* Instagram */;
			targetProxy = 48A5732D2694E99A00E15898 /* PBXContainerItemProxy */;
		};
		48A573392694E99A00E15898 /* PBXTargetDependency */ = {
			isa = PBXTargetDependency;
			target = 48A573102694E99800E15898 /* Instagram */;
			targetProxy = 48A573382694E99A00E15898 /* PBXContainerItemProxy */;
		};
/* End PBXTargetDependency section */

/* Begin PBXVariantGroup section */
		48A5731D2694E99900E15898 /* Main.storyboard */ = {
			isa = PBXVariantGroup;
			children = (
				48A5731E2694E99900E15898 /* Base */,
			);
			name = Main.storyboard;
			sourceTree = "<group>";
		};
		48A573222694E99900E15898 /* LaunchScreen.storyboard */ = {
			isa = PBXVariantGroup;
			children = (
				48A573232694E99900E15898 /* Base */,
			);
			name = LaunchScreen.storyboard;
			sourceTree = "<group>";
		};
/* End PBXVariantGroup section */

/* Begin XCBuildConfiguration section */
		48A5733E2694E99A00E15898 /* Debug */ = {
			isa = XCBuildConfiguration;
			buildSettings = {
				ALWAYS_SEARCH_USER_PATHS = NO;
				CLANG_ANALYZER_NONNULL = YES;
				CLANG_ANALYZER_NUMBER_OBJECT_CONVERSION = YES_AGGRESSIVE;
				CLANG_CXX_LANGUAGE_STANDARD = "gnu++14";
				CLANG_CXX_LIBRARY = "libc++";
				CLANG_ENABLE_MODULES = YES;
				CLANG_ENABLE_OBJC_ARC = YES;
				CLANG_ENABLE_OBJC_WEAK = YES;
				CLANG_WARN_BLOCK_CAPTURE_AUTORELEASING = YES;
				CLANG_WARN_BOOL_CONVERSION = YES;
				CLANG_WARN_COMMA = YES;
				CLANG_WARN_CONSTANT_CONVERSION = YES;
				CLANG_WARN_DEPRECATED_OBJC_IMPLEMENTATIONS = YES;
				CLANG_WARN_DIRECT_OBJC_ISA_USAGE = YES_ERROR;
				CLANG_WARN_DOCUMENTATION_COMMENTS = YES;
				CLANG_WARN_EMPTY_BODY = YES;
				CLANG_WARN_ENUM_CONVERSION = YES;
				CLANG_WARN_INFINITE_RECURSION = YES;
				CLANG_WARN_INT_CONVERSION = YES;
				CLANG_WARN_NON_LITERAL_NULL_CONVERSION = YES;
				CLANG_WARN_OBJC_IMPLICIT_RETAIN_SELF = YES;
				CLANG_WARN_OBJC_LITERAL_CONVERSION = YES;
				CLANG_WARN_OBJC_ROOT_CLASS = YES_ERROR;
				CLANG_WARN_QUOTED_INCLUDE_IN_FRAMEWORK_HEADER = YES;
				CLANG_WARN_RANGE_LOOP_ANALYSIS = YES;
				CLANG_WARN_STRICT_PROTOTYPES = YES;
				CLANG_WARN_SUSPICIOUS_MOVE = YES;
				CLANG_WARN_UNGUARDED_AVAILABILITY = YES_AGGRESSIVE;
				CLANG_WARN_UNREACHABLE_CODE = YES;
				CLANG_WARN__DUPLICATE_METHOD_MATCH = YES;
				COPY_PHASE_STRIP = NO;
				DEBUG_INFORMATION_FORMAT = dwarf;
				ENABLE_STRICT_OBJC_MSGSEND = YES;
				ENABLE_TESTABILITY = YES;
				GCC_C_LANGUAGE_STANDARD = gnu11;
				GCC_DYNAMIC_NO_PIC = NO;
				GCC_NO_COMMON_BLOCKS = YES;
				GCC_OPTIMIZATION_LEVEL = 0;
				GCC_PREPROCESSOR_DEFINITIONS = (
					"DEBUG=1",
					"$(inherited)",
				);
				GCC_WARN_64_TO_32_BIT_CONVERSION = YES;
				GCC_WARN_ABOUT_RETURN_TYPE = YES_ERROR;
				GCC_WARN_UNDECLARED_SELECTOR = YES;
				GCC_WARN_UNINITIALIZED_AUTOS = YES_AGGRESSIVE;
				GCC_WARN_UNUSED_FUNCTION = YES;
				GCC_WARN_UNUSED_VARIABLE = YES;
				IPHONEOS_DEPLOYMENT_TARGET = 14.5;
				MTL_ENABLE_DEBUG_INFO = INCLUDE_SOURCE;
				MTL_FAST_MATH = YES;
				ONLY_ACTIVE_ARCH = YES;
				SDKROOT = iphoneos;
			};
			name = Debug;
		};
		48A5733F2694E99A00E15898 /* Release */ = {
			isa = XCBuildConfiguration;
			buildSettings = {
				ALWAYS_SEARCH_USER_PATHS = NO;
				CLANG_ANALYZER_NONNULL = YES;
				CLANG_ANALYZER_NUMBER_OBJECT_CONVERSION = YES_AGGRESSIVE;
				CLANG_CXX_LANGUAGE_STANDARD = "gnu++14";
				CLANG_CXX_LIBRARY = "libc++";
				CLANG_ENABLE_MODULES = YES;
				CLANG_ENABLE_OBJC_ARC = YES;
				CLANG_ENABLE_OBJC_WEAK = YES;
				CLANG_WARN_BLOCK_CAPTURE_AUTORELEASING = YES;
				CLANG_WARN_BOOL_CONVERSION = YES;
				CLANG_WARN_COMMA = YES;
				CLANG_WARN_CONSTANT_CONVERSION = YES;
				CLANG_WARN_DEPRECATED_OBJC_IMPLEMENTATIONS = YES;
				CLANG_WARN_DIRECT_OBJC_ISA_USAGE = YES_ERROR;
				CLANG_WARN_DOCUMENTATION_COMMENTS = YES;
				CLANG_WARN_EMPTY_BODY = YES;
				CLANG_WARN_ENUM_CONVERSION = YES;
				CLANG_WARN_INFINITE_RECURSION = YES;
				CLANG_WARN_INT_CONVERSION = YES;
				CLANG_WARN_NON_LITERAL_NULL_CONVERSION = YES;
				CLANG_WARN_OBJC_IMPLICIT_RETAIN_SELF = YES;
				CLANG_WARN_OBJC_LITERAL_CONVERSION = YES;
				CLANG_WARN_OBJC_ROOT_CLASS = YES_ERROR;
				CLANG_WARN_QUOTED_INCLUDE_IN_FRAMEWORK_HEADER = YES;
				CLANG_WARN_RANGE_LOOP_ANALYSIS = YES;
				CLANG_WARN_STRICT_PROTOTYPES = YES;
				CLANG_WARN_SUSPICIOUS_MOVE = YES;
				CLANG_WARN_UNGUARDED_AVAILABILITY = YES_AGGRESSIVE;
				CLANG_WARN_UNREACHABLE_CODE = YES;
				CLANG_WARN__DUPLICATE_METHOD_MATCH = YES;
				COPY_PHASE_STRIP = NO;
				DEBUG_INFORMATION_FORMAT = "dwarf-with-dsym";
				ENABLE_NS_ASSERTIONS = NO;
				ENABLE_STRICT_OBJC_MSGSEND = YES;
				GCC_C_LANGUAGE_STANDARD = gnu11;
				GCC_NO_COMMON_BLOCKS = YES;
				GCC_WARN_64_TO_32_BIT_CONVERSION = YES;
				GCC_WARN_ABOUT_RETURN_TYPE = YES_ERROR;
				GCC_WARN_UNDECLARED_SELECTOR = YES;
				GCC_WARN_UNINITIALIZED_AUTOS = YES_AGGRESSIVE;
				GCC_WARN_UNUSED_FUNCTION = YES;
				GCC_WARN_UNUSED_VARIABLE = YES;
				IPHONEOS_DEPLOYMENT_TARGET = 14.5;
				MTL_ENABLE_DEBUG_INFO = NO;
				MTL_FAST_MATH = YES;
				SDKROOT = iphoneos;
				VALIDATE_PRODUCT = YES;
			};
			name = Release;
		};
		48A573412694E99A00E15898 /* Debug */ = {
			isa = XCBuildConfiguration;
			buildSettings = {
				ASSETCATALOG_COMPILER_APPICON_NAME = AppIcon;
				ASSETCATALOG_COMPILER_GLOBAL_ACCENT_COLOR_NAME = AccentColor;
				CODE_SIGN_STYLE = Automatic;
				DEVELOPMENT_TEAM = A48XFAV3YG;
				INFOPLIST_FILE = Instagram/Info.plist;
				LD_RUNPATH_SEARCH_PATHS = (
					"$(inherited)",
					"@executable_path/Frameworks",
				);
				PRODUCT_BUNDLE_IDENTIFIER = com.codepath.Instagram;
				PRODUCT_NAME = "$(TARGET_NAME)";
				TARGETED_DEVICE_FAMILY = "1,2";
			};
			name = Debug;
		};
		48A573422694E99A00E15898 /* Release */ = {
			isa = XCBuildConfiguration;
			buildSettings = {
				ASSETCATALOG_COMPILER_APPICON_NAME = AppIcon;
				ASSETCATALOG_COMPILER_GLOBAL_ACCENT_COLOR_NAME = AccentColor;
				CODE_SIGN_STYLE = Automatic;
				DEVELOPMENT_TEAM = A48XFAV3YG;
				INFOPLIST_FILE = Instagram/Info.plist;
				LD_RUNPATH_SEARCH_PATHS = (
					"$(inherited)",
					"@executable_path/Frameworks",
				);
				PRODUCT_BUNDLE_IDENTIFIER = com.codepath.Instagram;
				PRODUCT_NAME = "$(TARGET_NAME)";
				TARGETED_DEVICE_FAMILY = "1,2";
			};
			name = Release;
		};
		48A573442694E99A00E15898 /* Debug */ = {
			isa = XCBuildConfiguration;
			buildSettings = {
				BUNDLE_LOADER = "$(TEST_HOST)";
				CODE_SIGN_STYLE = Automatic;
				DEVELOPMENT_TEAM = A48XFAV3YG;
				INFOPLIST_FILE = InstagramTests/Info.plist;
				IPHONEOS_DEPLOYMENT_TARGET = 14.5;
				LD_RUNPATH_SEARCH_PATHS = (
					"$(inherited)",
					"@executable_path/Frameworks",
					"@loader_path/Frameworks",
				);
				PRODUCT_BUNDLE_IDENTIFIER = com.codepath.InstagramTests;
				PRODUCT_NAME = "$(TARGET_NAME)";
				TARGETED_DEVICE_FAMILY = "1,2";
				TEST_HOST = "$(BUILT_PRODUCTS_DIR)/Instagram.app/Instagram";
			};
			name = Debug;
		};
		48A573452694E99A00E15898 /* Release */ = {
			isa = XCBuildConfiguration;
			buildSettings = {
				BUNDLE_LOADER = "$(TEST_HOST)";
				CODE_SIGN_STYLE = Automatic;
				DEVELOPMENT_TEAM = A48XFAV3YG;
				INFOPLIST_FILE = InstagramTests/Info.plist;
				IPHONEOS_DEPLOYMENT_TARGET = 14.5;
				LD_RUNPATH_SEARCH_PATHS = (
					"$(inherited)",
					"@executable_path/Frameworks",
					"@loader_path/Frameworks",
				);
				PRODUCT_BUNDLE_IDENTIFIER = com.codepath.InstagramTests;
				PRODUCT_NAME = "$(TARGET_NAME)";
				TARGETED_DEVICE_FAMILY = "1,2";
				TEST_HOST = "$(BUILT_PRODUCTS_DIR)/Instagram.app/Instagram";
			};
			name = Release;
		};
		48A573472694E99A00E15898 /* Debug */ = {
			isa = XCBuildConfiguration;
			buildSettings = {
				CODE_SIGN_STYLE = Automatic;
				DEVELOPMENT_TEAM = A48XFAV3YG;
				INFOPLIST_FILE = InstagramUITests/Info.plist;
				LD_RUNPATH_SEARCH_PATHS = (
					"$(inherited)",
					"@executable_path/Frameworks",
					"@loader_path/Frameworks",
				);
				PRODUCT_BUNDLE_IDENTIFIER = com.codepath.InstagramUITests;
				PRODUCT_NAME = "$(TARGET_NAME)";
				TARGETED_DEVICE_FAMILY = "1,2";
				TEST_TARGET_NAME = Instagram;
			};
			name = Debug;
		};
		48A573482694E99A00E15898 /* Release */ = {
			isa = XCBuildConfiguration;
			buildSettings = {
				CODE_SIGN_STYLE = Automatic;
				DEVELOPMENT_TEAM = A48XFAV3YG;
				INFOPLIST_FILE = InstagramUITests/Info.plist;
				LD_RUNPATH_SEARCH_PATHS = (
					"$(inherited)",
					"@executable_path/Frameworks",
					"@loader_path/Frameworks",
				);
				PRODUCT_BUNDLE_IDENTIFIER = com.codepath.InstagramUITests;
				PRODUCT_NAME = "$(TARGET_NAME)";
				TARGETED_DEVICE_FAMILY = "1,2";
				TEST_TARGET_NAME = Instagram;
			};
			name = Release;
		};
/* End XCBuildConfiguration section */

/* Begin XCConfigurationList section */
		48A5730C2694E99800E15898 /* Build configuration list for PBXProject "Instagram" */ = {
			isa = XCConfigurationList;
			buildConfigurations = (
				48A5733E2694E99A00E15898 /* Debug */,
				48A5733F2694E99A00E15898 /* Release */,
			);
			defaultConfigurationIsVisible = 0;
			defaultConfigurationName = Release;
		};
		48A573402694E99A00E15898 /* Build configuration list for PBXNativeTarget "Instagram" */ = {
			isa = XCConfigurationList;
			buildConfigurations = (
				48A573412694E99A00E15898 /* Debug */,
				48A573422694E99A00E15898 /* Release */,
			);
			defaultConfigurationIsVisible = 0;
			defaultConfigurationName = Release;
		};
		48A573432694E99A00E15898 /* Build configuration list for PBXNativeTarget "InstagramTests" */ = {
			isa = XCConfigurationList;
			buildConfigurations = (
				48A573442694E99A00E15898 /* Debug */,
				48A573452694E99A00E15898 /* Release */,
			);
			defaultConfigurationIsVisible = 0;
			defaultConfigurationName = Release;
		};
		48A573462694E99A00E15898 /* Build configuration list for PBXNativeTarget "InstagramUITests" */ = {
			isa = XCConfigurationList;
			buildConfigurations = (
				48A573472694E99A00E15898 /* Debug */,
				48A573482694E99A00E15898 /* Release */,
			);
			defaultConfigurationIsVisible = 0;
			defaultConfigurationName = Release;
		};
/* End XCConfigurationList section */
	};
	rootObject = 48A573092694E99800E15898 /* Project object */;
}
